
Microsoft Visual Studio Solution File, Format Version 12.00
# Visual Studio Version 17
VisualStudioVersion = 17.14.35906.104 d17.14
MinimumVisualStudioVersion = 10.0.40219.1
Project("{FAE04EC0-301F-11D3-BF4B-00C04F79EFBC}") = "LudzValorant", "LudzValorant\LudzValorant.csproj", "{9A6F977D-8B3C-493B-A5A3-587EEF312262}"
EndProject
Global
	GlobalSection(SolutionConfigurationPlatforms) = preSolution
		Debug|Any CPU = Debug|Any CPU
		Release|Any CPU = Release|Any CPU
	EndGlobalSection
	GlobalSection(ProjectConfigurationPlatforms) = postSolution
		{9A6F977D-8B3C-493B-A5A3-587EEF312262}.Debug|Any CPU.ActiveCfg = Debug|Any CPU
		{9A6F977D-8B3C-493B-A5A3-587EEF312262}.Debug|Any CPU.Build.0 = Debug|Any CPU
		{9A6F977D-8B3C-493B-A5A3-587EEF312262}.Release|Any CPU.ActiveCfg = Release|Any CPU
		{9A6F977D-8B3C-493B-A5A3-587EEF312262}.Release|Any CPU.Build.0 = Release|Any CPU
	EndGlobalSection
	GlobalSection(SolutionProperties) = preSolution
		HideSolutionNode = FALSE
	EndGlobalSection
	GlobalSection(ExtensibilityGlobals) = postSolution
		SolutionGuid = {79C50656-22FD-462A-9214-E9A32B8EC28A}
	EndGlobalSection
EndGlobal
